
Microsoft Visual Studio Solution File, Format Version 12.00
Project("{FAE04EC0-301F-11D3-BF4B-00C04F79EFBC}") = "Grains", "Grains\Grains.csproj", "{F2DC1479-D249-400D-85F5-BA598E686563}"
EndProject
Project("{FAE04EC0-301F-11D3-BF4B-00C04F79EFBC}") = "Client", "Client\Client.csproj", "{4017F64D-4831-4732-93F1-F9BBB08BBACC}"
EndProject
Project("{FAE04EC0-301F-11D3-BF4B-00C04F79EFBC}") = "Contracts", "Contracts\Contracts.csproj", "{2FF2F11F-CE1D-4296-AA3F-BE3C74FD2AF7}"
EndProject
Project("{FAE04EC0-301F-11D3-BF4B-00C04F79EFBC}") = "SiloHost", "SiloHost\SiloHost.csproj", "{2BDBAD03-6199-4645-A566-FF48A422F2D9}"
EndProject
Global
	GlobalSection(SolutionConfigurationPlatforms) = preSolution
		Debug|Any CPU = Debug|Any CPU
		Release|Any CPU = Release|Any CPU
	EndGlobalSection
	GlobalSection(ProjectConfigurationPlatforms) = postSolution
		{F2DC1479-D249-400D-85F5-BA598E686563}.Debug|Any CPU.ActiveCfg = Debug|Any CPU
		{F2DC1479-D249-400D-85F5-BA598E686563}.Debug|Any CPU.Build.0 = Debug|Any CPU
		{F2DC1479-D249-400D-85F5-BA598E686563}.Release|Any CPU.ActiveCfg = Release|Any CPU
		{F2DC1479-D249-400D-85F5-BA598E686563}.Release|Any CPU.Build.0 = Release|Any CPU
		{4017F64D-4831-4732-93F1-F9BBB08BBACC}.Debug|Any CPU.ActiveCfg = Debug|Any CPU
		{4017F64D-4831-4732-93F1-F9BBB08BBACC}.Debug|Any CPU.Build.0 = Debug|Any CPU
		{4017F64D-4831-4732-93F1-F9BBB08BBACC}.Release|Any CPU.ActiveCfg = Release|Any CPU
		{4017F64D-4831-4732-93F1-F9BBB08BBACC}.Release|Any CPU.Build.0 = Release|Any CPU
		{2FF2F11F-CE1D-4296-AA3F-BE3C74FD2AF7}.Debug|Any CPU.ActiveCfg = Debug|Any CPU
		{2FF2F11F-CE1D-4296-AA3F-BE3C74FD2AF7}.Debug|Any CPU.Build.0 = Debug|Any CPU
		{2FF2F11F-CE1D-4296-AA3F-BE3C74FD2AF7}.Release|Any CPU.ActiveCfg = Release|Any CPU
		{2FF2F11F-CE1D-4296-AA3F-BE3C74FD2AF7}.Release|Any CPU.Build.0 = Release|Any CPU
		{2BDBAD03-6199-4645-A566-FF48A422F2D9}.Debug|Any CPU.ActiveCfg = Debug|Any CPU
		{2BDBAD03-6199-4645-A566-FF48A422F2D9}.Debug|Any CPU.Build.0 = Debug|Any CPU
		{2BDBAD03-6199-4645-A566-FF48A422F2D9}.Release|Any CPU.ActiveCfg = Release|Any CPU
		{2BDBAD03-6199-4645-A566-FF48A422F2D9}.Release|Any CPU.Build.0 = Release|Any CPU
	EndGlobalSection
EndGlobal
